
Microsoft Visual Studio Solution File, Format Version 12.00
# Visual Studio Version 16
VisualStudioVersion = 16.0.30907.101
MinimumVisualStudioVersion = 10.0.40219.1
Project("{FAE04EC0-301F-11D3-BF4B-00C04F79EFBC}") = "PixelProxy", "PixelProxy\PixelProxy.csproj", "{C82CE90C-69CE-4D9E-AD9A-2E217B2E7BD6}"
EndProject
Global
	GlobalSection(SolutionConfigurationPlatforms) = preSolution
		Debug|Any CPU = Debug|Any CPU
		Release|Any CPU = Release|Any CPU
	EndGlobalSection
	GlobalSection(ProjectConfigurationPlatforms) = postSolution
		{C82CE90C-69CE-4D9E-AD9A-2E217B2E7BD6}.Debug|Any CPU.ActiveCfg = Debug|Any CPU
		{C82CE90C-69CE-4D9E-AD9A-2E217B2E7BD6}.Debug|Any CPU.Build.0 = Debug|Any CPU
		{C82CE90C-69CE-4D9E-AD9A-2E217B2E7BD6}.Release|Any CPU.ActiveCfg = Release|Any CPU
		{C82CE90C-69CE-4D9E-AD9A-2E217B2E7BD6}.Release|Any CPU.Build.0 = Release|Any CPU
	EndGlobalSection
	GlobalSection(SolutionProperties) = preSolution
		HideSolutionNode = FALSE
	EndGlobalSection
	GlobalSection(ExtensibilityGlobals) = postSolution
		SolutionGuid = {AF06F995-BFE3-416F-9BFB-C29D4FE0F4B0}
	EndGlobalSection
EndGlobal
